// !$*UTF8*$!
{
	archiveVersion = 1;
	classes = {
	};
	objectVersion = 51;
	objects = {

/* Begin PBXBuildFile section */
		CF552A1526B5399C000F5A1B /* AppDelegate.swift in Sources */ = {isa = PBXBuildFile; fileRef = CF552A1426B5399C000F5A1B /* AppDelegate.swift */; };
		CF552A1726B5399C000F5A1B /* SceneDelegate.swift in Sources */ = {isa = PBXBuildFile; fileRef = CF552A1626B5399C000F5A1B /* SceneDelegate.swift */; };
		CF552A1C26B5399C000F5A1B /* Main.storyboard in Resources */ = {isa = PBXBuildFile; fileRef = CF552A1A26B5399C000F5A1B /* Main.storyboard */; };
		CF552A1E26B539A0000F5A1B /* Assets.xcassets in Resources */ = {isa = PBXBuildFile; fileRef = CF552A1D26B539A0000F5A1B /* Assets.xcassets */; };
		CF552A2126B539A0000F5A1B /* LaunchScreen.storyboard in Resources */ = {isa = PBXBuildFile; fileRef = CF552A1F26B539A0000F5A1B /* LaunchScreen.storyboard */; };
		CF552A2A26B539F7000F5A1B /* TableViewController.swift in Sources */ = {isa = PBXBuildFile; fileRef = CF552A2826B539F7000F5A1B /* TableViewController.swift */; };
		CF552A3026B53AD1000F5A1B /* MyGitHub.swift in Sources */ = {isa = PBXBuildFile; fileRef = CF552A2F26B53AD1000F5A1B /* MyGitHub.swift */; };
		CF552A3226B53EFC000F5A1B /* AlamofireAPI.swift in Sources */ = {isa = PBXBuildFile; fileRef = CF552A3126B53EFC000F5A1B /* AlamofireAPI.swift */; };
		CF9748E126B68A8D00E07073 /* InfoPlist.strings in Resources */ = {isa = PBXBuildFile; fileRef = CF9748E326B68A8D00E07073 /* InfoPlist.strings */; };
		F26C15B0552BD312DA0D2120 /* Pods_AlamofireAPI.framework in Frameworks */ = {isa = PBXBuildFile; fileRef = 10A322ADCCC3391637C228C1 /* Pods_AlamofireAPI.framework */; };
/* End PBXBuildFile section */

/* Begin PBXFileReference section */
		10A322ADCCC3391637C228C1 /* Pods_AlamofireAPI.framework */ = {isa = PBXFileReference; explicitFileType = wrapper.framework; includeInIndex = 0; path = Pods_AlamofireAPI.framework; sourceTree = BUILT_PRODUCTS_DIR; };
		60310E09867C1CCCA0AB7C7C /* Pods-AlamofireAPI.release.xcconfig */ = {isa = PBXFileReference; includeInIndex = 1; lastKnownFileType = text.xcconfig; name = "Pods-AlamofireAPI.release.xcconfig"; path = "Target Support Files/Pods-AlamofireAPI/Pods-AlamofireAPI.release.xcconfig"; sourceTree = "<group>"; };
		C7239E07F8FED9FA1D4685D8 /* Pods-AlamofireAPI.debug.xcconfig */ = {isa = PBXFileReference; includeInIndex = 1; lastKnownFileType = text.xcconfig; name = "Pods-AlamofireAPI.debug.xcconfig"; path = "Target Support Files/Pods-AlamofireAPI/Pods-AlamofireAPI.debug.xcconfig"; sourceTree = "<group>"; };
		CF552A1126B5399C000F5A1B /* AlamofireAPI.app */ = {isa = PBXFileReference; explicitFileType = wrapper.application; includeInIndex = 0; path = AlamofireAPI.app; sourceTree = BUILT_PRODUCTS_DIR; };
		CF552A1426B5399C000F5A1B /* AppDelegate.swift */ = {isa = PBXFileReference; lastKnownFileType = sourcecode.swift; path = AppDelegate.swift; sourceTree = "<group>"; };
		CF552A1626B5399C000F5A1B /* SceneDelegate.swift */ = {isa = PBXFileReference; lastKnownFileType = sourcecode.swift; path = SceneDelegate.swift; sourceTree = "<group>"; };
		CF552A1B26B5399C000F5A1B /* Base */ = {isa = PBXFileReference; lastKnownFileType = file.storyboard; name = Base; path = Base.lproj/Main.storyboard; sourceTree = "<group>"; };
		CF552A1D26B539A0000F5A1B /* Assets.xcassets */ = {isa = PBXFileReference; lastKnownFileType = folder.assetcatalog; path = Assets.xcassets; sourceTree = "<group>"; };
		CF552A2026B539A0000F5A1B /* Base */ = {isa = PBXFileReference; lastKnownFileType = file.storyboard; name = Base; path = Base.lproj/LaunchScreen.storyboard; sourceTree = "<group>"; };
		CF552A2226B539A0000F5A1B /* Info.plist */ = {isa = PBXFileReference; lastKnownFileType = text.plist.xml; path = Info.plist; sourceTree = "<group>"; };
		CF552A2826B539F7000F5A1B /* TableViewController.swift */ = {isa = PBXFileReference; lastKnownFileType = sourcecode.swift; path = TableViewController.swift; sourceTree = "<group>"; };
		CF552A2F26B53AD1000F5A1B /* MyGitHub.swift */ = {isa = PBXFileReference; lastKnownFileType = sourcecode.swift; path = MyGitHub.swift; sourceTree = "<group>"; };
		CF552A3126B53EFC000F5A1B /* AlamofireAPI.swift */ = {isa = PBXFileReference; lastKnownFileType = sourcecode.swift; path = AlamofireAPI.swift; sourceTree = "<group>"; };
		CF9748E726B68C7100E07073 /* en */ = {isa = PBXFileReference; lastKnownFileType = text.plist.strings; name = en; path = en.lproj/InfoPlist.strings; sourceTree = "<group>"; };
		CF9748E926B68E7D00E07073 /* ja */ = {isa = PBXFileReference; lastKnownFileType = text.plist.strings; name = ja; path = ja.lproj/Main.strings; sourceTree = "<group>"; };
		CF9748EA26B68E7D00E07073 /* ja */ = {isa = PBXFileReference; lastKnownFileType = text.plist.strings; name = ja; path = ja.lproj/LaunchScreen.strings; sourceTree = "<group>"; };
		CF9748EB26B68E8B00E07073 /* ja */ = {isa = PBXFileReference; lastKnownFileType = text.plist.strings; name = ja; path = ja.lproj/InfoPlist.strings; sourceTree = "<group>"; };
/* End PBXFileReference section */

/* Begin PBXFrameworksBuildPhase section */
		CF552A0E26B5399C000F5A1B /* Frameworks */ = {
			isa = PBXFrameworksBuildPhase;
			buildActionMask = 2147483647;
			files = (
				F26C15B0552BD312DA0D2120 /* Pods_AlamofireAPI.framework in Frameworks */,
			);
			runOnlyForDeploymentPostprocessing = 0;
		};
/* End PBXFrameworksBuildPhase section */

/* Begin PBXGroup section */
		15C44D74A3DE3F6C27EA8E99 /* Frameworks */ = {
			isa = PBXGroup;
			children = (
				10A322ADCCC3391637C228C1 /* Pods_AlamofireAPI.framework */,
			);
			name = Frameworks;
			sourceTree = "<group>";
		};
		470570276FDB4326E0485D59 /* Pods */ = {
			isa = PBXGroup;
			children = (
				C7239E07F8FED9FA1D4685D8 /* Pods-AlamofireAPI.debug.xcconfig */,
				60310E09867C1CCCA0AB7C7C /* Pods-AlamofireAPI.release.xcconfig */,
			);
			path = Pods;
			sourceTree = "<group>";
		};
		CF552A0826B5399B000F5A1B = {
			isa = PBXGroup;
			children = (
				CF552A1326B5399C000F5A1B /* AlamofireAPI */,
				CF552A1226B5399C000F5A1B /* Products */,
				470570276FDB4326E0485D59 /* Pods */,
				15C44D74A3DE3F6C27EA8E99 /* Frameworks */,
			);
			sourceTree = "<group>";
		};
		CF552A1226B5399C000F5A1B /* Products */ = {
			isa = PBXGroup;
			children = (
				CF552A1126B5399C000F5A1B /* AlamofireAPI.app */,
			);
			name = Products;
			sourceTree = "<group>";
		};
		CF552A1326B5399C000F5A1B /* AlamofireAPI */ = {
			isa = PBXGroup;
			children = (
				CF552A1426B5399C000F5A1B /* AppDelegate.swift */,
				CF552A1626B5399C000F5A1B /* SceneDelegate.swift */,
				CF552A2E26B53A89000F5A1B /* API */,
				CF552A2D26B53A7C000F5A1B /* Model */,
				CF552A2C26B53A60000F5A1B /* Views */,
				CF552A1D26B539A0000F5A1B /* Assets.xcassets */,
				CF552A1F26B539A0000F5A1B /* LaunchScreen.storyboard */,
				CF9748E326B68A8D00E07073 /* InfoPlist.strings */,
				CF552A2226B539A0000F5A1B /* Info.plist */,
			);
			path = AlamofireAPI;
			sourceTree = "<group>";
		};
		CF552A2C26B53A60000F5A1B /* Views */ = {
			isa = PBXGroup;
			children = (
				CF552A2826B539F7000F5A1B /* TableViewController.swift */,
				CF552A1A26B5399C000F5A1B /* Main.storyboard */,
			);
			path = Views;
			sourceTree = "<group>";
		};
		CF552A2D26B53A7C000F5A1B /* Model */ = {
			isa = PBXGroup;
			children = (
				CF552A2F26B53AD1000F5A1B /* MyGitHub.swift */,
			);
			path = Model;
			sourceTree = "<group>";
		};
		CF552A2E26B53A89000F5A1B /* API */ = {
			isa = PBXGroup;
			children = (
				CF552A3126B53EFC000F5A1B /* AlamofireAPI.swift */,
			);
			path = API;
			sourceTree = "<group>";
		};
/* End PBXGroup section */

/* Begin PBXNativeTarget section */
		CF552A1026B5399C000F5A1B /* AlamofireAPI */ = {
			isa = PBXNativeTarget;
			buildConfigurationList = CF552A2526B539A0000F5A1B /* Build configuration list for PBXNativeTarget "AlamofireAPI" */;
			buildPhases = (
				769689C6E2AF03A94A48D32A /* [CP] Check Pods Manifest.lock */,
				CF552A0D26B5399C000F5A1B /* Sources */,
				CF552A0E26B5399C000F5A1B /* Frameworks */,
				CF552A0F26B5399C000F5A1B /* Resources */,
				1121730C62FC566266305C2B /* [CP] Embed Pods Frameworks */,
			);
			buildRules = (
			);
			dependencies = (
			);
			name = AlamofireAPI;
			productName = AlamofireAPI;
			productReference = CF552A1126B5399C000F5A1B /* AlamofireAPI.app */;
			productType = "com.apple.product-type.application";
		};
/* End PBXNativeTarget section */

/* Begin PBXProject section */
		CF552A0926B5399B000F5A1B /* Project object */ = {
			isa = PBXProject;
			attributes = {
				LastSwiftUpdateCheck = 1250;
				LastUpgradeCheck = 1250;
				TargetAttributes = {
					CF552A1026B5399C000F5A1B = {
						CreatedOnToolsVersion = 12.5;
					};
				};
			};
			buildConfigurationList = CF552A0C26B5399B000F5A1B /* Build configuration list for PBXProject "AlamofireAPI" */;
			compatibilityVersion = "Xcode 9.3";
			developmentRegion = en;
			hasScannedForEncodings = 0;
			knownRegions = (
				en,
				Base,
				ja,
			);
			mainGroup = CF552A0826B5399B000F5A1B;
			productRefGroup = CF552A1226B5399C000F5A1B /* Products */;
			projectDirPath = "";
			projectRoot = "";
			targets = (
				CF552A1026B5399C000F5A1B /* AlamofireAPI */,
			);
		};
/* End PBXProject section */

/* Begin PBXResourcesBuildPhase section */
		CF552A0F26B5399C000F5A1B /* Resources */ = {
			isa = PBXResourcesBuildPhase;
			buildActionMask = 2147483647;
			files = (
				CF552A2126B539A0000F5A1B /* LaunchScreen.storyboard in Resources */,
				CF9748E126B68A8D00E07073 /* InfoPlist.strings in Resources */,
				CF552A1E26B539A0000F5A1B /* Assets.xcassets in Resources */,
				CF552A1C26B5399C000F5A1B /* Main.storyboard in Resources */,
			);
			runOnlyForDeploymentPostprocessing = 0;
		};
/* End PBXResourcesBuildPhase section */

/* Begin PBXShellScriptBuildPhase section */
		1121730C62FC566266305C2B /* [CP] Embed Pods Frameworks */ = {
			isa = PBXShellScriptBuildPhase;
			buildActionMask = 2147483647;
			files = (
			);
			inputFileListPaths = (
				"${PODS_ROOT}/Target Support Files/Pods-AlamofireAPI/Pods-AlamofireAPI-frameworks-${CONFIGURATION}-input-files.xcfilelist",
			);
			name = "[CP] Embed Pods Frameworks";
			outputFileListPaths = (
				"${PODS_ROOT}/Target Support Files/Pods-AlamofireAPI/Pods-AlamofireAPI-frameworks-${CONFIGURATION}-output-files.xcfilelist",
			);
			runOnlyForDeploymentPostprocessing = 0;
			shellPath = /bin/sh;
			shellScript = "\"${PODS_ROOT}/Target Support Files/Pods-AlamofireAPI/Pods-AlamofireAPI-frameworks.sh\"\n";
			showEnvVarsInLog = 0;
		};
		769689C6E2AF03A94A48D32A /* [CP] Check Pods Manifest.lock */ = {
			isa = PBXShellScriptBuildPhase;
			buildActionMask = 2147483647;
			files = (
			);
			inputFileListPaths = (
			);
			inputPaths = (
				"${PODS_PODFILE_DIR_PATH}/Podfile.lock",
				"${PODS_ROOT}/Manifest.lock",
			);
			name = "[CP] Check Pods Manifest.lock";
			outputFileListPaths = (
			);
			outputPaths = (
				"$(DERIVED_FILE_DIR)/Pods-AlamofireAPI-checkManifestLockResult.txt",
			);
			runOnlyForDeploymentPostprocessing = 0;
			shellPath = /bin/sh;
			shellScript = "diff \"${PODS_PODFILE_DIR_PATH}/Podfile.lock\" \"${PODS_ROOT}/Manifest.lock\" > /dev/null\nif [ $? != 0 ] ; then\n    # print error to STDERR\n    echo \"error: The sandbox is not in sync with the Podfile.lock. Run 'pod install' or update your CocoaPods installation.\" >&2\n    exit 1\nfi\n# This output is used by Xcode 'outputs' to avoid re-running this script phase.\necho \"SUCCESS\" > \"${SCRIPT_OUTPUT_FILE_0}\"\n";
			showEnvVarsInLog = 0;
		};
/* End PBXShellScriptBuildPhase section */

/* Begin PBXSourcesBuildPhase section */
		CF552A0D26B5399C000F5A1B /* Sources */ = {
			isa = PBXSourcesBuildPhase;
			buildActionMask = 2147483647;
			files = (
				CF552A1526B5399C000F5A1B /* AppDelegate.swift in Sources */,
				CF552A2A26B539F7000F5A1B /* TableViewController.swift in Sources */,
				CF552A3026B53AD1000F5A1B /* MyGitHub.swift in Sources */,
				CF552A1726B5399C000F5A1B /* SceneDelegate.swift in Sources */,
				CF552A3226B53EFC000F5A1B /* AlamofireAPI.swift in Sources */,
			);
			runOnlyForDeploymentPostprocessing = 0;
		};
/* End PBXSourcesBuildPhase section */

/* Begin PBXVariantGroup section */
		CF552A1A26B5399C000F5A1B /* Main.storyboard */ = {
			isa = PBXVariantGroup;
			children = (
				CF552A1B26B5399C000F5A1B /* Base */,
				CF9748E926B68E7D00E07073 /* ja */,
			);
			name = Main.storyboard;
			sourceTree = "<group>";
		};
		CF552A1F26B539A0000F5A1B /* LaunchScreen.storyboard */ = {
			isa = PBXVariantGroup;
			children = (
				CF552A2026B539A0000F5A1B /* Base */,
				CF9748EA26B68E7D00E07073 /* ja */,
			);
			name = LaunchScreen.storyboard;
			sourceTree = "<group>";
		};
		CF9748E326B68A8D00E07073 /* InfoPlist.strings */ = {
			isa = PBXVariantGroup;
			children = (
				CF9748E726B68C7100E07073 /* en */,
				CF9748EB26B68E8B00E07073 /* ja */,
			);
			name = InfoPlist.strings;
			sourceTree = "<group>";
		};
/* End PBXVariantGroup section */

/* Begin XCBuildConfiguration section */
		CF552A2326B539A0000F5A1B /* Debug */ = {
			isa = XCBuildConfiguration;
			buildSettings = {
				ALWAYS_SEARCH_USER_PATHS = NO;
				CLANG_ANALYZER_LOCALIZABILITY_NONLOCALIZED = YES;
				CLANG_ANALYZER_NONNULL = YES;
				CLANG_ANALYZER_NUMBER_OBJECT_CONVERSION = YES_AGGRESSIVE;
				CLANG_CXX_LANGUAGE_STANDARD = "gnu++14";
				CLANG_CXX_LIBRARY = "libc++";
				CLANG_ENABLE_MODULES = YES;
				CLANG_ENABLE_OBJC_ARC = YES;
				CLANG_ENABLE_OBJC_WEAK = YES;
				CLANG_WARN_BLOCK_CAPTURE_AUTORELEASING = YES;
				CLANG_WARN_BOOL_CONVERSION = YES;
				CLANG_WARN_COMMA = YES;
				CLANG_WARN_CONSTANT_CONVERSION = YES;
				CLANG_WARN_DEPRECATED_OBJC_IMPLEMENTATIONS = YES;
				CLANG_WARN_DIRECT_OBJC_ISA_USAGE = YES_ERROR;
				CLANG_WARN_DOCUMENTATION_COMMENTS = YES;
				CLANG_WARN_EMPTY_BODY = YES;
				CLANG_WARN_ENUM_CONVERSION = YES;
				CLANG_WARN_INFINITE_RECURSION = YES;
				CLANG_WARN_INT_CONVERSION = YES;
				CLANG_WARN_NON_LITERAL_NULL_CONVERSION = YES;
				CLANG_WARN_OBJC_IMPLICIT_RETAIN_SELF = YES;
				CLANG_WARN_OBJC_LITERAL_CONVERSION = YES;
				CLANG_WARN_OBJC_ROOT_CLASS = YES_ERROR;
				CLANG_WARN_QUOTED_INCLUDE_IN_FRAMEWORK_HEADER = YES;
				CLANG_WARN_RANGE_LOOP_ANALYSIS = YES;
				CLANG_WARN_STRICT_PROTOTYPES = YES;
				CLANG_WARN_SUSPICIOUS_MOVE = YES;
				CLANG_WARN_UNGUARDED_AVAILABILITY = YES_AGGRESSIVE;
				CLANG_WARN_UNREACHABLE_CODE = YES;
				CLANG_WARN__DUPLICATE_METHOD_MATCH = YES;
				COPY_PHASE_STRIP = NO;
				DEBUG_INFORMATION_FORMAT = dwarf;
				ENABLE_STRICT_OBJC_MSGSEND = YES;
				ENABLE_TESTABILITY = YES;
				GCC_C_LANGUAGE_STANDARD = gnu11;
				GCC_DYNAMIC_NO_PIC = NO;
				GCC_NO_COMMON_BLOCKS = YES;
				GCC_OPTIMIZATION_LEVEL = 0;
				GCC_PREPROCESSOR_DEFINITIONS = (
					"DEBUG=1",
					"$(inherited)",
				);
				GCC_WARN_64_TO_32_BIT_CONVERSION = YES;
				GCC_WARN_ABOUT_RETURN_TYPE = YES_ERROR;
				GCC_WARN_UNDECLARED_SELECTOR = YES;
				GCC_WARN_UNINITIALIZED_AUTOS = YES_AGGRESSIVE;
				GCC_WARN_UNUSED_FUNCTION = YES;
				GCC_WARN_UNUSED_VARIABLE = YES;
				IPHONEOS_DEPLOYMENT_TARGET = 14.5;
				MTL_ENABLE_DEBUG_INFO = INCLUDE_SOURCE;
				MTL_FAST_MATH = YES;
				ONLY_ACTIVE_ARCH = YES;
				SDKROOT = iphoneos;
				SWIFT_ACTIVE_COMPILATION_CONDITIONS = DEBUG;
				SWIFT_OPTIMIZATION_LEVEL = "-Onone";
			};
			name = Debug;
		};
		CF552A2426B539A0000F5A1B /* Release */ = {
			isa = XCBuildConfiguration;
			buildSettings = {
				ALWAYS_SEARCH_USER_PATHS = NO;
				CLANG_ANALYZER_LOCALIZABILITY_NONLOCALIZED = YES;
				CLANG_ANALYZER_NONNULL = YES;
				CLANG_ANALYZER_NUMBER_OBJECT_CONVERSION = YES_AGGRESSIVE;
				CLANG_CXX_LANGUAGE_STANDARD = "gnu++14";
				CLANG_CXX_LIBRARY = "libc++";
				CLANG_ENABLE_MODULES = YES;
				CLANG_ENABLE_OBJC_ARC = YES;
				CLANG_ENABLE_OBJC_WEAK = YES;
				CLANG_WARN_BLOCK_CAPTURE_AUTORELEASING = YES;
				CLANG_WARN_BOOL_CONVERSION = YES;
				CLANG_WARN_COMMA = YES;
				CLANG_WARN_CONSTANT_CONVERSION = YES;
				CLANG_WARN_DEPRECATED_OBJC_IMPLEMENTATIONS = YES;
				CLANG_WARN_DIRECT_OBJC_ISA_USAGE = YES_ERROR;
				CLANG_WARN_DOCUMENTATION_COMMENTS = YES;
				CLANG_WARN_EMPTY_BODY = YES;
				CLANG_WARN_ENUM_CONVERSION = YES;
				CLANG_WARN_INFINITE_RECURSION = YES;
				CLANG_WARN_INT_CONVERSION = YES;
				CLANG_WARN_NON_LITERAL_NULL_CONVERSION = YES;
				CLANG_WARN_OBJC_IMPLICIT_RETAIN_SELF = YES;
				CLANG_WARN_OBJC_LITERAL_CONVERSION = YES;
				CLANG_WARN_OBJC_ROOT_CLASS = YES_ERROR;
				CLANG_WARN_QUOTED_INCLUDE_IN_FRAMEWORK_HEADER = YES;
				CLANG_WARN_RANGE_LOOP_ANALYSIS = YES;
				CLANG_WARN_STRICT_PROTOTYPES = YES;
				CLANG_WARN_SUSPICIOUS_MOVE = YES;
				CLANG_WARN_UNGUARDED_AVAILABILITY = YES_AGGRESSIVE;
				CLANG_WARN_UNREACHABLE_CODE = YES;
				CLANG_WARN__DUPLICATE_METHOD_MATCH = YES;
				COPY_PHASE_STRIP = NO;
				DEBUG_INFORMATION_FORMAT = "dwarf-with-dsym";
				ENABLE_NS_ASSERTIONS = NO;
				ENABLE_STRICT_OBJC_MSGSEND = YES;
				GCC_C_LANGUAGE_STANDARD = gnu11;
				GCC_NO_COMMON_BLOCKS = YES;
				GCC_WARN_64_TO_32_BIT_CONVERSION = YES;
				GCC_WARN_ABOUT_RETURN_TYPE = YES_ERROR;
				GCC_WARN_UNDECLARED_SELECTOR = YES;
				GCC_WARN_UNINITIALIZED_AUTOS = YES_AGGRESSIVE;
				GCC_WARN_UNUSED_FUNCTION = YES;
				GCC_WARN_UNUSED_VARIABLE = YES;
				IPHONEOS_DEPLOYMENT_TARGET = 14.5;
				MTL_ENABLE_DEBUG_INFO = NO;
				MTL_FAST_MATH = YES;
				SDKROOT = iphoneos;
				SWIFT_COMPILATION_MODE = wholemodule;
				SWIFT_OPTIMIZATION_LEVEL = "-O";
				VALIDATE_PRODUCT = YES;
			};
			name = Release;
		};
		CF552A2626B539A0000F5A1B /* Debug */ = {
			isa = XCBuildConfiguration;
			baseConfigurationReference = C7239E07F8FED9FA1D4685D8 /* Pods-AlamofireAPI.debug.xcconfig */;
			buildSettings = {
				ASSETCATALOG_COMPILER_APPICON_NAME = AppIcon;
				ASSETCATALOG_COMPILER_GLOBAL_ACCENT_COLOR_NAME = AccentColor;
				CODE_SIGN_STYLE = Automatic;
				DEVELOPMENT_TEAM = XS2R7967QT;
				INFOPLIST_FILE = AlamofireAPI/Info.plist;
				LD_RUNPATH_SEARCH_PATHS = (
					"$(inherited)",
					"@executable_path/Frameworks",
				);
				PRODUCT_BUNDLE_IDENTIFIER = cow.iwaski.AlamofireAPI;
				PRODUCT_NAME = "$(TARGET_NAME)";
				SWIFT_VERSION = 5.0;
				TARGETED_DEVICE_FAMILY = 1;
			};
			name = Debug;
		};
		CF552A2726B539A0000F5A1B /* Release */ = {
			isa = XCBuildConfiguration;
			baseConfigurationReference = 60310E09867C1CCCA0AB7C7C /* Pods-AlamofireAPI.release.xcconfig */;
			buildSettings = {
				ASSETCATALOG_COMPILER_APPICON_NAME = AppIcon;
				ASSETCATALOG_COMPILER_GLOBAL_ACCENT_COLOR_NAME = AccentColor;
				CODE_SIGN_STYLE = Automatic;
				DEVELOPMENT_TEAM = XS2R7967QT;
				INFOPLIST_FILE = AlamofireAPI/Info.plist;
				LD_RUNPATH_SEARCH_PATHS = (
					"$(inherited)",
					"@executable_path/Frameworks",
				);
				PRODUCT_BUNDLE_IDENTIFIER = cow.iwaski.AlamofireAPI;
				PRODUCT_NAME = "$(TARGET_NAME)";
				SWIFT_VERSION = 5.0;
				TARGETED_DEVICE_FAMILY = 1;
			};
			name = Release;
		};
/* End XCBuildConfiguration section */

/* Begin XCConfigurationList section */
		CF552A0C26B5399B000F5A1B /* Build configuration list for PBXProject "AlamofireAPI" */ = {
			isa = XCConfigurationList;
			buildConfigurations = (
				CF552A2326B539A0000F5A1B /* Debug */,
				CF552A2426B539A0000F5A1B /* Release */,
			);
			defaultConfigurationIsVisible = 0;
			defaultConfigurationName = Release;
		};
		CF552A2526B539A0000F5A1B /* Build configuration list for PBXNativeTarget "AlamofireAPI" */ = {
			isa = XCConfigurationList;
			buildConfigurations = (
				CF552A2626B539A0000F5A1B /* Debug */,
				CF552A2726B539A0000F5A1B /* Release */,
			);
			defaultConfigurationIsVisible = 0;
			defaultConfigurationName = Release;
		};
/* End XCConfigurationList section */
	};
	rootObject = CF552A0926B5399B000F5A1B /* Project object */;
}
